
Microsoft Visual Studio Solution File, Format Version 12.00
# Visual Studio Version 16
VisualStudioVersion = 16.0.30611.23
MinimumVisualStudioVersion = 10.0.40219.1
Project("{FAE04EC0-301F-11D3-BF4B-00C04F79EFBC}") = "Web_TesteTec", "Web_TesteTec.csproj", "{48CB6CA1-8B40-41D6-B6BF-577048510F77}"
EndProject
Global
	GlobalSection(SolutionConfigurationPlatforms) = preSolution
		Debug|Any CPU = Debug|Any CPU
		Release|Any CPU = Release|Any CPU
	EndGlobalSection
	GlobalSection(ProjectConfigurationPlatforms) = postSolution
		{48CB6CA1-8B40-41D6-B6BF-577048510F77}.Debug|Any CPU.ActiveCfg = Debug|Any CPU
		{48CB6CA1-8B40-41D6-B6BF-577048510F77}.Debug|Any CPU.Build.0 = Debug|Any CPU
		{48CB6CA1-8B40-41D6-B6BF-577048510F77}.Release|Any CPU.ActiveCfg = Release|Any CPU
		{48CB6CA1-8B40-41D6-B6BF-577048510F77}.Release|Any CPU.Build.0 = Release|Any CPU
	EndGlobalSection
	GlobalSection(SolutionProperties) = preSolution
		HideSolutionNode = FALSE
	EndGlobalSection
	GlobalSection(ExtensibilityGlobals) = postSolution
		SolutionGuid = {6E23C085-A1D6-48BB-AC9F-01D9096CF129}
	EndGlobalSection
EndGlobal
